
Microsoft Visual Studio Solution File, Format Version 12.00
# Visual Studio Version 16
VisualStudioVersion = 16.0.29613.14
MinimumVisualStudioVersion = 10.0.40219.1
Project("{FAE04EC0-301F-11D3-BF4B-00C04F79EFBC}") = "Trapezoid Area", "Trapezoid Area\Trapezoid Area.csproj", "{A6536501-145B-4053-9CE6-4326A6F3AC4C}"
EndProject
Project("{FAE04EC0-301F-11D3-BF4B-00C04F79EFBC}") = "Triangle Area", "Triangle Area\Triangle Area.csproj", "{749E4016-C262-47D4-94FD-0F5604466265}"
EndProject
Project("{FAE04EC0-301F-11D3-BF4B-00C04F79EFBC}") = "Celsius to Fahrenheit", "Celsius to Fahrenheit\Celsius to Fahrenheit.csproj", "{1DD592D5-C10C-4E28-A00B-FA715CA6F4E8}"
EndProject
Project("{FAE04EC0-301F-11D3-BF4B-00C04F79EFBC}") = "Vegetable Market", "Vegetable Market\Vegetable Market.csproj", "{6B314F14-3A04-4713-8A15-D8101FF3E0E8}"
EndProject
Project("{FAE04EC0-301F-11D3-BF4B-00C04F79EFBC}") = "Training Lab", "Training Lab\Training Lab.csproj", "{F3140FE4-59F2-4D33-B0CF-C0A3FA257257}"
EndProject
Project("{FAE04EC0-301F-11D3-BF4B-00C04F79EFBC}") = "Fishland", "Fishland\Fishland.csproj", "{40BFB891-C8C3-4C4B-96B2-E204C554DB42}"
EndProject
Project("{FAE04EC0-301F-11D3-BF4B-00C04F79EFBC}") = "House Painting", "House Painting\House Painting.csproj", "{92FA9192-BB3F-499F-9FA7-5F2DAE7C5E69}"
EndProject
Project("{FAE04EC0-301F-11D3-BF4B-00C04F79EFBC}") = "Circle Area and Perimeter", "Circle Area and Perimeter\Circle Area and Perimeter.csproj", "{45C94720-501A-4E63-B391-0690BC807D2E}"
EndProject
Project("{FAE04EC0-301F-11D3-BF4B-00C04F79EFBC}") = "Weather Forecast", "Weather Forecast\Weather Forecast.csproj", "{F2F0B63E-03D8-4D6A-8BD2-66121AA01E12}"
EndProject
Project("{FAE04EC0-301F-11D3-BF4B-00C04F79EFBC}") = "Weather Forecast - Part 2", "Weather Forecast - Part 2\Weather Forecast - Part 2.csproj", "{D1C60006-651A-4802-9378-594178B8F0F3}"
EndProject
Global
	GlobalSection(SolutionConfigurationPlatforms) = preSolution
		Debug|Any CPU = Debug|Any CPU
		Release|Any CPU = Release|Any CPU
	EndGlobalSection
	GlobalSection(ProjectConfigurationPlatforms) = postSolution
		{A6536501-145B-4053-9CE6-4326A6F3AC4C}.Debug|Any CPU.ActiveCfg = Debug|Any CPU
		{A6536501-145B-4053-9CE6-4326A6F3AC4C}.Debug|Any CPU.Build.0 = Debug|Any CPU
		{A6536501-145B-4053-9CE6-4326A6F3AC4C}.Release|Any CPU.ActiveCfg = Release|Any CPU
		{A6536501-145B-4053-9CE6-4326A6F3AC4C}.Release|Any CPU.Build.0 = Release|Any CPU
		{749E4016-C262-47D4-94FD-0F5604466265}.Debug|Any CPU.ActiveCfg = Debug|Any CPU
		{749E4016-C262-47D4-94FD-0F5604466265}.Debug|Any CPU.Build.0 = Debug|Any CPU
		{749E4016-C262-47D4-94FD-0F5604466265}.Release|Any CPU.ActiveCfg = Release|Any CPU
		{749E4016-C262-47D4-94FD-0F5604466265}.Release|Any CPU.Build.0 = Release|Any CPU
		{1DD592D5-C10C-4E28-A00B-FA715CA6F4E8}.Debug|Any CPU.ActiveCfg = Debug|Any CPU
		{1DD592D5-C10C-4E28-A00B-FA715CA6F4E8}.Debug|Any CPU.Build.0 = Debug|Any CPU
		{1DD592D5-C10C-4E28-A00B-FA715CA6F4E8}.Release|Any CPU.ActiveCfg = Release|Any CPU
		{1DD592D5-C10C-4E28-A00B-FA715CA6F4E8}.Release|Any CPU.Build.0 = Release|Any CPU
		{6B314F14-3A04-4713-8A15-D8101FF3E0E8}.Debug|Any CPU.ActiveCfg = Debug|Any CPU
		{6B314F14-3A04-4713-8A15-D8101FF3E0E8}.Debug|Any CPU.Build.0 = Debug|Any CPU
		{6B314F14-3A04-4713-8A15-D8101FF3E0E8}.Release|Any CPU.ActiveCfg = Release|Any CPU
		{6B314F14-3A04-4713-8A15-D8101FF3E0E8}.Release|Any CPU.Build.0 = Release|Any CPU
		{F3140FE4-59F2-4D33-B0CF-C0A3FA257257}.Debug|Any CPU.ActiveCfg = Debug|Any CPU
		{F3140FE4-59F2-4D33-B0CF-C0A3FA257257}.Debug|Any CPU.Build.0 = Debug|Any CPU
		{F3140FE4-59F2-4D33-B0CF-C0A3FA257257}.Release|Any CPU.ActiveCfg = Release|Any CPU
		{F3140FE4-59F2-4D33-B0CF-C0A3FA257257}.Release|Any CPU.Build.0 = Release|Any CPU
		{40BFB891-C8C3-4C4B-96B2-E204C554DB42}.Debug|Any CPU.ActiveCfg = Debug|Any CPU
		{40BFB891-C8C3-4C4B-96B2-E204C554DB42}.Debug|Any CPU.Build.0 = Debug|Any CPU
		{40BFB891-C8C3-4C4B-96B2-E204C554DB42}.Release|Any CPU.ActiveCfg = Release|Any CPU
		{40BFB891-C8C3-4C4B-96B2-E204C554DB42}.Release|Any CPU.Build.0 = Release|Any CPU
		{92FA9192-BB3F-499F-9FA7-5F2DAE7C5E69}.Debug|Any CPU.ActiveCfg = Debug|Any CPU
		{92FA9192-BB3F-499F-9FA7-5F2DAE7C5E69}.Debug|Any CPU.Build.0 = Debug|Any CPU
		{92FA9192-BB3F-499F-9FA7-5F2DAE7C5E69}.Release|Any CPU.ActiveCfg = Release|Any CPU
		{92FA9192-BB3F-499F-9FA7-5F2DAE7C5E69}.Release|Any CPU.Build.0 = Release|Any CPU
		{45C94720-501A-4E63-B391-0690BC807D2E}.Debug|Any CPU.ActiveCfg = Debug|Any CPU
		{45C94720-501A-4E63-B391-0690BC807D2E}.Debug|Any CPU.Build.0 = Debug|Any CPU
		{45C94720-501A-4E63-B391-0690BC807D2E}.Release|Any CPU.ActiveCfg = Release|Any CPU
		{45C94720-501A-4E63-B391-0690BC807D2E}.Release|Any CPU.Build.0 = Release|Any CPU
		{F2F0B63E-03D8-4D6A-8BD2-66121AA01E12}.Debug|Any CPU.ActiveCfg = Debug|Any CPU
		{F2F0B63E-03D8-4D6A-8BD2-66121AA01E12}.Debug|Any CPU.Build.0 = Debug|Any CPU
		{F2F0B63E-03D8-4D6A-8BD2-66121AA01E12}.Release|Any CPU.ActiveCfg = Release|Any CPU
		{F2F0B63E-03D8-4D6A-8BD2-66121AA01E12}.Release|Any CPU.Build.0 = Release|Any CPU
		{D1C60006-651A-4802-9378-594178B8F0F3}.Debug|Any CPU.ActiveCfg = Debug|Any CPU
		{D1C60006-651A-4802-9378-594178B8F0F3}.Debug|Any CPU.Build.0 = Debug|Any CPU
		{D1C60006-651A-4802-9378-594178B8F0F3}.Release|Any CPU.ActiveCfg = Release|Any CPU
		{D1C60006-651A-4802-9378-594178B8F0F3}.Release|Any CPU.Build.0 = Release|Any CPU
	EndGlobalSection
	GlobalSection(SolutionProperties) = preSolution
		HideSolutionNode = FALSE
	EndGlobalSection
	GlobalSection(ExtensibilityGlobals) = postSolution
		SolutionGuid = {B2E6A66A-1A59-4A10-B770-292BD71A17AA}
	EndGlobalSection
EndGlobal
